
Microsoft Visual Studio Solution File, Format Version 12.00
# Visual Studio 15
VisualStudioVersion = 15.0.28307.329
MinimumVisualStudioVersion = 10.0.40219.1
Project("{FAE04EC0-301F-11D3-BF4B-00C04F79EFBC}") = "NetSparkle", "NetSparkle\NetSparkle.csproj", "{74635A21-2BAD-4522-AB95-E3E5703CD301}"
EndProject
Project("{FAE04EC0-301F-11D3-BF4B-00C04F79EFBC}") = "NetSparkleChecker", "NetSparkleChecker\NetSparkleChecker.csproj", "{C5EB5203-0E15-49AC-8CD0-719DA6756188}"
EndProject
Project("{FAE04EC0-301F-11D3-BF4B-00C04F79EFBC}") = "NetSparkleDSAHelper", "NetSparkleDSAHelper\NetSparkleDSAHelper.csproj", "{B4D6FCB0-1217-4AFA-A2A5-4BA5482876C0}"
EndProject
Project("{FAE04EC0-301F-11D3-BF4B-00C04F79EFBC}") = "NetSparkleTestApp", "NetSparkleTestApp\NetSparkleTestApp.csproj", "{5D5F4532-9CA6-4380-818D-A8FAC21450D1}"
EndProject
Project("{FAE04EC0-301F-11D3-BF4B-00C04F79EFBC}") = "NetSparkleTestAppWPF", "NetSparkleTestAppWPF\NetSparkleTestAppWPF.csproj", "{BBE308BB-4096-4E7B-A458-85172F47C497}"
EndProject
Project("{FAE04EC0-301F-11D3-BF4B-00C04F79EFBC}") = "SampleApplication", "SampleApplication\SampleApplication.csproj", "{B85E1883-AD3C-4EEF-B947-7B743ECCE0F0}"
EndProject
Project("{FAE04EC0-301F-11D3-BF4B-00C04F79EFBC}") = "SampleDownloadedExecutable", "SampleDownloadedExecutable\SampleDownloadedExecutable.csproj", "{3FECC323-E8A1-45F9-8764-32B64871535A}"
EndProject
Project("{FAE04EC0-301F-11D3-BF4B-00C04F79EFBC}") = "NetSparkleGenerator", "NetSparkleGenerator\NetSparkleGenerator.csproj", "{19F0D329-2127-4788-8AFA-DDEDA4B70F88}"
Project("{FAE04EC0-301F-11D3-BF4B-00C04F79EFBC}") = "NetSparkleUnitTests", "NetSparkleUnitTests\NetSparkleUnitTests.csproj", "{E50AC3A5-6C63-40D7-A4C4-9B359EFD5707}"
	ProjectSection(ProjectDependencies) = postProject
		{74635A21-2BAD-4522-AB95-E3E5703CD301} = {74635A21-2BAD-4522-AB95-E3E5703CD301}
	EndProjectSection
EndProject
Global
	GlobalSection(SolutionConfigurationPlatforms) = preSolution
		Debug|Any CPU = Debug|Any CPU
		Debug|ARM = Debug|ARM
		Debug|Mixed Platforms = Debug|Mixed Platforms
		Debug|x64 = Debug|x64
		Debug|x86 = Debug|x86
		Release|Any CPU = Release|Any CPU
		Release|ARM = Release|ARM
		Release|Mixed Platforms = Release|Mixed Platforms
		Release|x64 = Release|x64
		Release|x86 = Release|x86
	EndGlobalSection
	GlobalSection(ProjectConfigurationPlatforms) = postSolution
		{74635A21-2BAD-4522-AB95-E3E5703CD301}.Debug|Any CPU.ActiveCfg = Debug|Any CPU
		{74635A21-2BAD-4522-AB95-E3E5703CD301}.Debug|Any CPU.Build.0 = Debug|Any CPU
		{74635A21-2BAD-4522-AB95-E3E5703CD301}.Debug|ARM.ActiveCfg = Debug|Any CPU
		{74635A21-2BAD-4522-AB95-E3E5703CD301}.Debug|ARM.Build.0 = Debug|Any CPU
		{74635A21-2BAD-4522-AB95-E3E5703CD301}.Debug|Mixed Platforms.ActiveCfg = Debug|x86
		{74635A21-2BAD-4522-AB95-E3E5703CD301}.Debug|Mixed Platforms.Build.0 = Debug|x86
		{74635A21-2BAD-4522-AB95-E3E5703CD301}.Debug|x64.ActiveCfg = Debug|Any CPU
		{74635A21-2BAD-4522-AB95-E3E5703CD301}.Debug|x64.Build.0 = Debug|Any CPU
		{74635A21-2BAD-4522-AB95-E3E5703CD301}.Debug|x86.ActiveCfg = Debug|x86
		{74635A21-2BAD-4522-AB95-E3E5703CD301}.Debug|x86.Build.0 = Debug|x86
		{74635A21-2BAD-4522-AB95-E3E5703CD301}.Release|Any CPU.ActiveCfg = Release|Any CPU
		{74635A21-2BAD-4522-AB95-E3E5703CD301}.Release|Any CPU.Build.0 = Release|Any CPU
		{74635A21-2BAD-4522-AB95-E3E5703CD301}.Release|ARM.ActiveCfg = Release|Any CPU
		{74635A21-2BAD-4522-AB95-E3E5703CD301}.Release|ARM.Build.0 = Release|Any CPU
		{74635A21-2BAD-4522-AB95-E3E5703CD301}.Release|Mixed Platforms.ActiveCfg = Release|x86
		{74635A21-2BAD-4522-AB95-E3E5703CD301}.Release|Mixed Platforms.Build.0 = Release|x86
		{74635A21-2BAD-4522-AB95-E3E5703CD301}.Release|x64.ActiveCfg = Release|Any CPU
		{74635A21-2BAD-4522-AB95-E3E5703CD301}.Release|x64.Build.0 = Release|Any CPU
		{74635A21-2BAD-4522-AB95-E3E5703CD301}.Release|x86.ActiveCfg = Release|x86
		{74635A21-2BAD-4522-AB95-E3E5703CD301}.Release|x86.Build.0 = Release|x86
		{C5EB5203-0E15-49AC-8CD0-719DA6756188}.Debug|Any CPU.ActiveCfg = Debug|Any CPU
		{C5EB5203-0E15-49AC-8CD0-719DA6756188}.Debug|Any CPU.Build.0 = Debug|Any CPU
		{C5EB5203-0E15-49AC-8CD0-719DA6756188}.Debug|ARM.ActiveCfg = Debug|Any CPU
		{C5EB5203-0E15-49AC-8CD0-719DA6756188}.Debug|ARM.Build.0 = Debug|Any CPU
		{C5EB5203-0E15-49AC-8CD0-719DA6756188}.Debug|Mixed Platforms.ActiveCfg = Debug|Any CPU
		{C5EB5203-0E15-49AC-8CD0-719DA6756188}.Debug|Mixed Platforms.Build.0 = Debug|Any CPU
		{C5EB5203-0E15-49AC-8CD0-719DA6756188}.Debug|x64.ActiveCfg = Debug|Any CPU
		{C5EB5203-0E15-49AC-8CD0-719DA6756188}.Debug|x64.Build.0 = Debug|Any CPU
		{C5EB5203-0E15-49AC-8CD0-719DA6756188}.Debug|x86.ActiveCfg = Debug|Any CPU
		{C5EB5203-0E15-49AC-8CD0-719DA6756188}.Release|Any CPU.ActiveCfg = Release|Any CPU
		{C5EB5203-0E15-49AC-8CD0-719DA6756188}.Release|Any CPU.Build.0 = Release|Any CPU
		{C5EB5203-0E15-49AC-8CD0-719DA6756188}.Release|ARM.ActiveCfg = Release|Any CPU
		{C5EB5203-0E15-49AC-8CD0-719DA6756188}.Release|ARM.Build.0 = Release|Any CPU
		{C5EB5203-0E15-49AC-8CD0-719DA6756188}.Release|Mixed Platforms.ActiveCfg = Release|Any CPU
		{C5EB5203-0E15-49AC-8CD0-719DA6756188}.Release|Mixed Platforms.Build.0 = Release|Any CPU
		{C5EB5203-0E15-49AC-8CD0-719DA6756188}.Release|x64.ActiveCfg = Release|Any CPU
		{C5EB5203-0E15-49AC-8CD0-719DA6756188}.Release|x64.Build.0 = Release|Any CPU
		{C5EB5203-0E15-49AC-8CD0-719DA6756188}.Release|x86.ActiveCfg = Release|Any CPU
		{B4D6FCB0-1217-4AFA-A2A5-4BA5482876C0}.Debug|Any CPU.ActiveCfg = Debug|x86
		{B4D6FCB0-1217-4AFA-A2A5-4BA5482876C0}.Debug|ARM.ActiveCfg = Debug|x86
		{B4D6FCB0-1217-4AFA-A2A5-4BA5482876C0}.Debug|Mixed Platforms.ActiveCfg = Debug|x86
		{B4D6FCB0-1217-4AFA-A2A5-4BA5482876C0}.Debug|Mixed Platforms.Build.0 = Debug|x86
		{B4D6FCB0-1217-4AFA-A2A5-4BA5482876C0}.Debug|x64.ActiveCfg = Debug|x86
		{B4D6FCB0-1217-4AFA-A2A5-4BA5482876C0}.Debug|x86.ActiveCfg = Debug|x86
		{B4D6FCB0-1217-4AFA-A2A5-4BA5482876C0}.Debug|x86.Build.0 = Debug|x86
		{B4D6FCB0-1217-4AFA-A2A5-4BA5482876C0}.Release|Any CPU.ActiveCfg = Release|x86
		{B4D6FCB0-1217-4AFA-A2A5-4BA5482876C0}.Release|ARM.ActiveCfg = Release|x86
		{B4D6FCB0-1217-4AFA-A2A5-4BA5482876C0}.Release|Mixed Platforms.ActiveCfg = Release|x86
		{B4D6FCB0-1217-4AFA-A2A5-4BA5482876C0}.Release|Mixed Platforms.Build.0 = Release|x86
		{B4D6FCB0-1217-4AFA-A2A5-4BA5482876C0}.Release|x64.ActiveCfg = Release|x86
		{B4D6FCB0-1217-4AFA-A2A5-4BA5482876C0}.Release|x86.ActiveCfg = Release|x86
		{B4D6FCB0-1217-4AFA-A2A5-4BA5482876C0}.Release|x86.Build.0 = Release|x86
		{5D5F4532-9CA6-4380-818D-A8FAC21450D1}.Debug|Any CPU.ActiveCfg = Debug|x86
		{5D5F4532-9CA6-4380-818D-A8FAC21450D1}.Debug|ARM.ActiveCfg = Debug|x86
		{5D5F4532-9CA6-4380-818D-A8FAC21450D1}.Debug|Mixed Platforms.ActiveCfg = Debug|x86
		{5D5F4532-9CA6-4380-818D-A8FAC21450D1}.Debug|Mixed Platforms.Build.0 = Debug|x86
		{5D5F4532-9CA6-4380-818D-A8FAC21450D1}.Debug|x64.ActiveCfg = Debug|x86
		{5D5F4532-9CA6-4380-818D-A8FAC21450D1}.Debug|x86.ActiveCfg = Debug|x86
		{5D5F4532-9CA6-4380-818D-A8FAC21450D1}.Debug|x86.Build.0 = Debug|x86
		{5D5F4532-9CA6-4380-818D-A8FAC21450D1}.Release|Any CPU.ActiveCfg = Release|x86
		{5D5F4532-9CA6-4380-818D-A8FAC21450D1}.Release|ARM.ActiveCfg = Release|x86
		{5D5F4532-9CA6-4380-818D-A8FAC21450D1}.Release|Mixed Platforms.ActiveCfg = Release|x86
		{5D5F4532-9CA6-4380-818D-A8FAC21450D1}.Release|Mixed Platforms.Build.0 = Release|x86
		{5D5F4532-9CA6-4380-818D-A8FAC21450D1}.Release|x64.ActiveCfg = Release|x86
		{5D5F4532-9CA6-4380-818D-A8FAC21450D1}.Release|x86.ActiveCfg = Release|x86
		{5D5F4532-9CA6-4380-818D-A8FAC21450D1}.Release|x86.Build.0 = Release|x86
		{BBE308BB-4096-4E7B-A458-85172F47C497}.Debug|Any CPU.ActiveCfg = Debug|x86
		{BBE308BB-4096-4E7B-A458-85172F47C497}.Debug|ARM.ActiveCfg = Debug|x86
		{BBE308BB-4096-4E7B-A458-85172F47C497}.Debug|Mixed Platforms.ActiveCfg = Debug|x86
		{BBE308BB-4096-4E7B-A458-85172F47C497}.Debug|Mixed Platforms.Build.0 = Debug|x86
		{BBE308BB-4096-4E7B-A458-85172F47C497}.Debug|x64.ActiveCfg = Debug|x86
		{BBE308BB-4096-4E7B-A458-85172F47C497}.Debug|x86.ActiveCfg = Debug|x86
		{BBE308BB-4096-4E7B-A458-85172F47C497}.Debug|x86.Build.0 = Debug|x86
		{BBE308BB-4096-4E7B-A458-85172F47C497}.Release|Any CPU.ActiveCfg = Release|x86
		{BBE308BB-4096-4E7B-A458-85172F47C497}.Release|ARM.ActiveCfg = Release|x86
		{BBE308BB-4096-4E7B-A458-85172F47C497}.Release|Mixed Platforms.ActiveCfg = Release|x86
		{BBE308BB-4096-4E7B-A458-85172F47C497}.Release|Mixed Platforms.Build.0 = Release|x86
		{BBE308BB-4096-4E7B-A458-85172F47C497}.Release|x64.ActiveCfg = Release|x86
		{BBE308BB-4096-4E7B-A458-85172F47C497}.Release|x86.ActiveCfg = Release|x86
		{BBE308BB-4096-4E7B-A458-85172F47C497}.Release|x86.Build.0 = Release|x86
		{B85E1883-AD3C-4EEF-B947-7B743ECCE0F0}.Debug|Any CPU.ActiveCfg = Debug|x86
		{B85E1883-AD3C-4EEF-B947-7B743ECCE0F0}.Debug|ARM.ActiveCfg = Debug|x86
		{B85E1883-AD3C-4EEF-B947-7B743ECCE0F0}.Debug|Mixed Platforms.ActiveCfg = Debug|x86
		{B85E1883-AD3C-4EEF-B947-7B743ECCE0F0}.Debug|Mixed Platforms.Build.0 = Debug|x86
		{B85E1883-AD3C-4EEF-B947-7B743ECCE0F0}.Debug|x64.ActiveCfg = Debug|x86
		{B85E1883-AD3C-4EEF-B947-7B743ECCE0F0}.Debug|x86.ActiveCfg = Debug|x86
		{B85E1883-AD3C-4EEF-B947-7B743ECCE0F0}.Debug|x86.Build.0 = Debug|x86
		{B85E1883-AD3C-4EEF-B947-7B743ECCE0F0}.Release|Any CPU.ActiveCfg = Release|x86
		{B85E1883-AD3C-4EEF-B947-7B743ECCE0F0}.Release|ARM.ActiveCfg = Release|x86
		{B85E1883-AD3C-4EEF-B947-7B743ECCE0F0}.Release|Mixed Platforms.ActiveCfg = Release|x86
		{B85E1883-AD3C-4EEF-B947-7B743ECCE0F0}.Release|Mixed Platforms.Build.0 = Release|x86
		{B85E1883-AD3C-4EEF-B947-7B743ECCE0F0}.Release|x64.ActiveCfg = Release|x86
		{B85E1883-AD3C-4EEF-B947-7B743ECCE0F0}.Release|x86.ActiveCfg = Release|x86
		{B85E1883-AD3C-4EEF-B947-7B743ECCE0F0}.Release|x86.Build.0 = Release|x86
		{3FECC323-E8A1-45F9-8764-32B64871535A}.Debug|Any CPU.ActiveCfg = Debug|Any CPU
		{3FECC323-E8A1-45F9-8764-32B64871535A}.Debug|Any CPU.Build.0 = Debug|Any CPU
		{3FECC323-E8A1-45F9-8764-32B64871535A}.Debug|ARM.ActiveCfg = Debug|Any CPU
		{3FECC323-E8A1-45F9-8764-32B64871535A}.Debug|ARM.Build.0 = Debug|Any CPU
		{3FECC323-E8A1-45F9-8764-32B64871535A}.Debug|Mixed Platforms.ActiveCfg = Debug|Any CPU
		{3FECC323-E8A1-45F9-8764-32B64871535A}.Debug|Mixed Platforms.Build.0 = Debug|Any CPU
		{3FECC323-E8A1-45F9-8764-32B64871535A}.Debug|x64.ActiveCfg = Debug|Any CPU
		{3FECC323-E8A1-45F9-8764-32B64871535A}.Debug|x64.Build.0 = Debug|Any CPU
		{3FECC323-E8A1-45F9-8764-32B64871535A}.Debug|x86.ActiveCfg = Debug|Any CPU
		{3FECC323-E8A1-45F9-8764-32B64871535A}.Debug|x86.Build.0 = Debug|Any CPU
		{3FECC323-E8A1-45F9-8764-32B64871535A}.Release|Any CPU.ActiveCfg = Release|Any CPU
		{3FECC323-E8A1-45F9-8764-32B64871535A}.Release|Any CPU.Build.0 = Release|Any CPU
		{3FECC323-E8A1-45F9-8764-32B64871535A}.Release|ARM.ActiveCfg = Release|Any CPU
		{3FECC323-E8A1-45F9-8764-32B64871535A}.Release|ARM.Build.0 = Release|Any CPU
		{3FECC323-E8A1-45F9-8764-32B64871535A}.Release|Mixed Platforms.ActiveCfg = Release|Any CPU
		{3FECC323-E8A1-45F9-8764-32B64871535A}.Release|Mixed Platforms.Build.0 = Release|Any CPU
		{3FECC323-E8A1-45F9-8764-32B64871535A}.Release|x64.ActiveCfg = Release|Any CPU
		{3FECC323-E8A1-45F9-8764-32B64871535A}.Release|x64.Build.0 = Release|Any CPU
		{3FECC323-E8A1-45F9-8764-32B64871535A}.Release|x86.ActiveCfg = Release|Any CPU
		{3FECC323-E8A1-45F9-8764-32B64871535A}.Release|x86.Build.0 = Release|Any CPU
		{19F0D329-2127-4788-8AFA-DDEDA4B70F88}.Debug|Any CPU.ActiveCfg = Debug|Any CPU
		{19F0D329-2127-4788-8AFA-DDEDA4B70F88}.Debug|Any CPU.Build.0 = Debug|Any CPU
		{19F0D329-2127-4788-8AFA-DDEDA4B70F88}.Debug|Mixed Platforms.ActiveCfg = Debug|Any CPU
		{19F0D329-2127-4788-8AFA-DDEDA4B70F88}.Debug|Mixed Platforms.Build.0 = Debug|Any CPU
		{19F0D329-2127-4788-8AFA-DDEDA4B70F88}.Debug|x86.ActiveCfg = Debug|Any CPU
		{19F0D329-2127-4788-8AFA-DDEDA4B70F88}.Debug|x86.Build.0 = Debug|Any CPU
		{19F0D329-2127-4788-8AFA-DDEDA4B70F88}.Release|Any CPU.ActiveCfg = Release|Any CPU
		{19F0D329-2127-4788-8AFA-DDEDA4B70F88}.Release|Any CPU.Build.0 = Release|Any CPU
		{19F0D329-2127-4788-8AFA-DDEDA4B70F88}.Release|Mixed Platforms.ActiveCfg = Release|Any CPU
		{19F0D329-2127-4788-8AFA-DDEDA4B70F88}.Release|Mixed Platforms.Build.0 = Release|Any CPU
		{19F0D329-2127-4788-8AFA-DDEDA4B70F88}.Release|x86.ActiveCfg = Release|Any CPU
		{19F0D329-2127-4788-8AFA-DDEDA4B70F88}.Release|x86.Build.0 = Release|Any CPU
		{E50AC3A5-6C63-40D7-A4C4-9B359EFD5707}.Debug|Any CPU.ActiveCfg = Debug|Any CPU
		{E50AC3A5-6C63-40D7-A4C4-9B359EFD5707}.Debug|Any CPU.Build.0 = Debug|Any CPU
		{E50AC3A5-6C63-40D7-A4C4-9B359EFD5707}.Debug|ARM.ActiveCfg = Debug|Any CPU
		{E50AC3A5-6C63-40D7-A4C4-9B359EFD5707}.Debug|ARM.Build.0 = Debug|Any CPU
		{E50AC3A5-6C63-40D7-A4C4-9B359EFD5707}.Debug|Mixed Platforms.ActiveCfg = Debug|Any CPU
		{E50AC3A5-6C63-40D7-A4C4-9B359EFD5707}.Debug|Mixed Platforms.Build.0 = Debug|Any CPU
		{E50AC3A5-6C63-40D7-A4C4-9B359EFD5707}.Debug|x64.ActiveCfg = Debug|Any CPU
		{E50AC3A5-6C63-40D7-A4C4-9B359EFD5707}.Debug|x64.Build.0 = Debug|Any CPU
		{E50AC3A5-6C63-40D7-A4C4-9B359EFD5707}.Debug|x86.ActiveCfg = Debug|Any CPU
		{E50AC3A5-6C63-40D7-A4C4-9B359EFD5707}.Debug|x86.Build.0 = Debug|Any CPU
		{E50AC3A5-6C63-40D7-A4C4-9B359EFD5707}.Release|Any CPU.ActiveCfg = Release|Any CPU
		{E50AC3A5-6C63-40D7-A4C4-9B359EFD5707}.Release|Any CPU.Build.0 = Release|Any CPU
		{E50AC3A5-6C63-40D7-A4C4-9B359EFD5707}.Release|ARM.ActiveCfg = Release|Any CPU
		{E50AC3A5-6C63-40D7-A4C4-9B359EFD5707}.Release|ARM.Build.0 = Release|Any CPU
		{E50AC3A5-6C63-40D7-A4C4-9B359EFD5707}.Release|Mixed Platforms.ActiveCfg = Release|Any CPU
		{E50AC3A5-6C63-40D7-A4C4-9B359EFD5707}.Release|Mixed Platforms.Build.0 = Release|Any CPU
		{E50AC3A5-6C63-40D7-A4C4-9B359EFD5707}.Release|x64.ActiveCfg = Release|Any CPU
		{E50AC3A5-6C63-40D7-A4C4-9B359EFD5707}.Release|x64.Build.0 = Release|Any CPU
		{E50AC3A5-6C63-40D7-A4C4-9B359EFD5707}.Release|x86.ActiveCfg = Release|Any CPU
		{E50AC3A5-6C63-40D7-A4C4-9B359EFD5707}.Release|x86.Build.0 = Release|Any CPU
	EndGlobalSection
	GlobalSection(SolutionProperties) = preSolution
		HideSolutionNode = FALSE
	EndGlobalSection
	GlobalSection(ExtensibilityGlobals) = postSolution
		SolutionGuid = {3A84A257-B554-4263-8E94-0D8097282331}
	EndGlobalSection
EndGlobal
