
Microsoft Visual Studio Solution File, Format Version 12.00
# Visual Studio Version 17
VisualStudioVersion = 17.4.33110.190
MinimumVisualStudioVersion = 10.0.40219.1
Project("{9A19103F-16F7-4668-BE54-9A1E7A4F7556}") = "NetSparkle", "src\NetSparkle\NetSparkle.csproj", "{74635A21-2BAD-4522-AB95-E3E5703CD301}"
EndProject
Project("{9A19103F-16F7-4668-BE54-9A1E7A4F7556}") = "NetSparkle.Tools.DSAHelper", "src\NetSparkle.Tools.DSAHelper\NetSparkle.Tools.DSAHelper.csproj", "{B4D6FCB0-1217-4AFA-A2A5-4BA5482876C0}"
EndProject
Project("{FAE04EC0-301F-11D3-BF4B-00C04F79EFBC}") = "NetSparkle.Samples.NetFramework.WPF", "src\NetSparkle.Samples.NetFramework.WPF\NetSparkle.Samples.NetFramework.WPF.csproj", "{BBE308BB-4096-4E7B-A458-85172F47C497}"
EndProject
Project("{FAE04EC0-301F-11D3-BF4B-00C04F79EFBC}") = "NetSparkle.Samples.NetFramework.WinForms", "src\NetSparkle.Samples.NetFramework.WinForms\NetSparkle.Samples.NetFramework.WinForms.csproj", "{B85E1883-AD3C-4EEF-B947-7B743ECCE0F0}"
EndProject
Project("{FAE04EC0-301F-11D3-BF4B-00C04F79EFBC}") = "NetSparkle.Samples.UpdateExe", "src\NetSparkle.Samples.DownloadedExe\NetSparkle.Samples.UpdateExe.csproj", "{3FECC323-E8A1-45F9-8764-32B64871535A}"
EndProject
Project("{9A19103F-16F7-4668-BE54-9A1E7A4F7556}") = "NetSparkle.Tools.AppCastGenerator", "src\NetSparkle.Tools.AppCastGenerator\NetSparkle.Tools.AppCastGenerator.csproj", "{19F0D329-2127-4788-8AFA-DDEDA4B70F88}"
EndProject
Project("{9A19103F-16F7-4668-BE54-9A1E7A4F7556}") = "NetSparkle.Tests", "src\NetSparkle.Tests\NetSparkle.Tests.csproj", "{E50AC3A5-6C63-40D7-A4C4-9B359EFD5707}"
	ProjectSection(ProjectDependencies) = postProject
		{74635A21-2BAD-4522-AB95-E3E5703CD301} = {74635A21-2BAD-4522-AB95-E3E5703CD301}
	EndProjectSection
EndProject
Project("{9A19103F-16F7-4668-BE54-9A1E7A4F7556}") = "NetSparkle.UI.WinForms.NetCore", "src\NetSparkle.UI.WinForms.NetCore\NetSparkle.UI.WinForms.NetCore.csproj", "{45F5AADB-A39B-446F-8025-71647238BB89}"
EndProject
Project("{9A19103F-16F7-4668-BE54-9A1E7A4F7556}") = "NetSparkle.UI.WPF", "src\NetSparkle.UI.WPF\NetSparkle.UI.WPF.csproj", "{6915843C-7947-4268-B569-6F5684651DF4}"
EndProject
Project("{9A19103F-16F7-4668-BE54-9A1E7A4F7556}") = "NetSparkle.Samples.NetCore.WPF", "src\NetSparkle.Samples.NetCore.WPF\NetSparkle.Samples.NetCore.WPF.csproj", "{4DD4076B-C086-4A11-B850-898CC9991D90}"
EndProject
Project("{9A19103F-16F7-4668-BE54-9A1E7A4F7556}") = "NetSparkle.Samples.NetCore.WinForms", "src\NetSparkle.Samples.NetCore.WinForms\NetSparkle.Samples.NetCore.WinForms.csproj", "{0088BDC7-D50B-4AD4-8EE6-D2B7DA150778}"
EndProject
Project("{9A19103F-16F7-4668-BE54-9A1E7A4F7556}") = "NetSparkle.UI.WinForms.NetFramework", "src\NetSparkle.UI.WinForms.NetFramework\NetSparkle.UI.WinForms.NetFramework.csproj", "{DAB16394-9862-49C3-818B-6B84F22EF5FE}"
EndProject
Project("{9A19103F-16F7-4668-BE54-9A1E7A4F7556}") = "NetSparkle.UI.Avalonia", "src\NetSparkle.UI.Avalonia\NetSparkle.UI.Avalonia.csproj", "{A50C27FA-CE8E-4253-BC1E-4B60053B0B7E}"
EndProject
Project("{9A19103F-16F7-4668-BE54-9A1E7A4F7556}") = "NetSparkle.Samples.Avalonia", "src\NetSparkle.Samples.Avalonia\NetSparkle.Samples.Avalonia.csproj", "{1DBD011C-C437-4126-9F12-A9D0BDEA3AA2}"
EndProject
Project("{9A19103F-16F7-4668-BE54-9A1E7A4F7556}") = "NetSparkle.Samples.HandleEventsYourself", "src\NetSparkle.Samples.HandleEventsYourself\NetSparkle.Samples.HandleEventsYourself.csproj", "{DD69D6C4-B732-458E-BE2D-6B5059342315}"
EndProject
Project("{9A19103F-16F7-4668-BE54-9A1E7A4F7556}") = "NetSparkle.Tests.AppCastGenerator", "src\NetSparkle.Tests.AppCastGenerator\NetSparkle.Tests.AppCastGenerator.csproj", "{5E4DB54B-E9E8-48FF-AD10-6F3609A63B82}"
EndProject
Project("{9A19103F-16F7-4668-BE54-9A1E7A4F7556}") = "NetSparkle.Samples.Avalonia.MacOS", "src\NetSparkle.Samples.Avalonia.MacOS\NetSparkle.Samples.Avalonia.MacOS.csproj", "{FD76C04C-3E89-4422-A818-4BD80E7AEAA7}"
EndProject
Project("{2150E333-8FDC-42A3-9474-1A3956D46DE8}") = "Solution Items", "Solution Items", "{F3EF1CB9-F6D1-4D71-87C2-F2E80DD53968}"
	ProjectSection(SolutionItems) = preProject
		Directory.Build.props = Directory.Build.props
		nuget\winformsnetframework\NetSparkleUpdater.UI.WinForms.NetFramework.nuspec = nuget\winformsnetframework\NetSparkleUpdater.UI.WinForms.NetFramework.nuspec
		.github\workflows\publish-nuget.yml = .github\workflows\publish-nuget.yml
		README.md = README.md
	EndProjectSection
EndProject
Project("{9A19103F-16F7-4668-BE54-9A1E7A4F7556}") = "NetSparkle.Samples.Avalonia.MacOSZip", "src\NetSparkle.Samples.Avalonia.MacOSZip\NetSparkle.Samples.Avalonia.MacOSZip.csproj", "{314E5B47-24FA-42F5-9975-3E4252853576}"
EndProject
Project("{9A19103F-16F7-4668-BE54-9A1E7A4F7556}") = "NetSparkle.Tests.Trimming", "src\NetSparkle.Tests.Trimming\NetSparkle.Tests.Trimming.csproj", "{7AE76C89-60B5-4F0E-A774-6E52F53B59D5}"
EndProject
Project("{FAE04EC0-301F-11D3-BF4B-00C04F79EFBC}") = "NetSparkle.Samples.Forms.Multithread", "src\NetSparkle.Samples.Forms.Multithread\NetSparkle.Samples.Forms.Multithread.csproj", "{7952F006-5B13-45CF-93A8-46A0A470575F}"
EndProject
Global
	GlobalSection(SolutionConfigurationPlatforms) = preSolution
		Debug|Any CPU = Debug|Any CPU
		Debug|ARM = Debug|ARM
		Debug|Mixed Platforms = Debug|Mixed Platforms
		Debug|x64 = Debug|x64
		Debug|x86 = Debug|x86
		Release|Any CPU = Release|Any CPU
		Release|ARM = Release|ARM
		Release|Mixed Platforms = Release|Mixed Platforms
		Release|x64 = Release|x64
		Release|x86 = Release|x86
	EndGlobalSection
	GlobalSection(ProjectConfigurationPlatforms) = postSolution
		{74635A21-2BAD-4522-AB95-E3E5703CD301}.Debug|Any CPU.ActiveCfg = Debug|Any CPU
		{74635A21-2BAD-4522-AB95-E3E5703CD301}.Debug|Any CPU.Build.0 = Debug|Any CPU
		{74635A21-2BAD-4522-AB95-E3E5703CD301}.Debug|ARM.ActiveCfg = Debug|Any CPU
		{74635A21-2BAD-4522-AB95-E3E5703CD301}.Debug|ARM.Build.0 = Debug|Any CPU
		{74635A21-2BAD-4522-AB95-E3E5703CD301}.Debug|Mixed Platforms.ActiveCfg = Debug|Any CPU
		{74635A21-2BAD-4522-AB95-E3E5703CD301}.Debug|Mixed Platforms.Build.0 = Debug|Any CPU
		{74635A21-2BAD-4522-AB95-E3E5703CD301}.Debug|x64.ActiveCfg = Debug|Any CPU
		{74635A21-2BAD-4522-AB95-E3E5703CD301}.Debug|x64.Build.0 = Debug|Any CPU
		{74635A21-2BAD-4522-AB95-E3E5703CD301}.Debug|x86.ActiveCfg = Debug|Any CPU
		{74635A21-2BAD-4522-AB95-E3E5703CD301}.Debug|x86.Build.0 = Debug|Any CPU
		{74635A21-2BAD-4522-AB95-E3E5703CD301}.Release|Any CPU.ActiveCfg = Release|Any CPU
		{74635A21-2BAD-4522-AB95-E3E5703CD301}.Release|Any CPU.Build.0 = Release|Any CPU
		{74635A21-2BAD-4522-AB95-E3E5703CD301}.Release|ARM.ActiveCfg = Release|Any CPU
		{74635A21-2BAD-4522-AB95-E3E5703CD301}.Release|ARM.Build.0 = Release|Any CPU
		{74635A21-2BAD-4522-AB95-E3E5703CD301}.Release|Mixed Platforms.ActiveCfg = Release|Any CPU
		{74635A21-2BAD-4522-AB95-E3E5703CD301}.Release|Mixed Platforms.Build.0 = Release|Any CPU
		{74635A21-2BAD-4522-AB95-E3E5703CD301}.Release|x64.ActiveCfg = Release|Any CPU
		{74635A21-2BAD-4522-AB95-E3E5703CD301}.Release|x64.Build.0 = Release|Any CPU
		{74635A21-2BAD-4522-AB95-E3E5703CD301}.Release|x86.ActiveCfg = Release|Any CPU
		{74635A21-2BAD-4522-AB95-E3E5703CD301}.Release|x86.Build.0 = Release|Any CPU
		{B4D6FCB0-1217-4AFA-A2A5-4BA5482876C0}.Debug|Any CPU.ActiveCfg = Debug|Any CPU
		{B4D6FCB0-1217-4AFA-A2A5-4BA5482876C0}.Debug|Any CPU.Build.0 = Debug|Any CPU
		{B4D6FCB0-1217-4AFA-A2A5-4BA5482876C0}.Debug|ARM.ActiveCfg = Debug|Any CPU
		{B4D6FCB0-1217-4AFA-A2A5-4BA5482876C0}.Debug|ARM.Build.0 = Debug|Any CPU
		{B4D6FCB0-1217-4AFA-A2A5-4BA5482876C0}.Debug|Mixed Platforms.ActiveCfg = Debug|Any CPU
		{B4D6FCB0-1217-4AFA-A2A5-4BA5482876C0}.Debug|Mixed Platforms.Build.0 = Debug|Any CPU
		{B4D6FCB0-1217-4AFA-A2A5-4BA5482876C0}.Debug|x64.ActiveCfg = Debug|Any CPU
		{B4D6FCB0-1217-4AFA-A2A5-4BA5482876C0}.Debug|x64.Build.0 = Debug|Any CPU
		{B4D6FCB0-1217-4AFA-A2A5-4BA5482876C0}.Debug|x86.ActiveCfg = Debug|Any CPU
		{B4D6FCB0-1217-4AFA-A2A5-4BA5482876C0}.Debug|x86.Build.0 = Debug|Any CPU
		{B4D6FCB0-1217-4AFA-A2A5-4BA5482876C0}.Release|Any CPU.ActiveCfg = Release|Any CPU
		{B4D6FCB0-1217-4AFA-A2A5-4BA5482876C0}.Release|Any CPU.Build.0 = Release|Any CPU
		{B4D6FCB0-1217-4AFA-A2A5-4BA5482876C0}.Release|ARM.ActiveCfg = Release|Any CPU
		{B4D6FCB0-1217-4AFA-A2A5-4BA5482876C0}.Release|ARM.Build.0 = Release|Any CPU
		{B4D6FCB0-1217-4AFA-A2A5-4BA5482876C0}.Release|Mixed Platforms.ActiveCfg = Release|Any CPU
		{B4D6FCB0-1217-4AFA-A2A5-4BA5482876C0}.Release|Mixed Platforms.Build.0 = Release|Any CPU
		{B4D6FCB0-1217-4AFA-A2A5-4BA5482876C0}.Release|x64.ActiveCfg = Release|Any CPU
		{B4D6FCB0-1217-4AFA-A2A5-4BA5482876C0}.Release|x64.Build.0 = Release|Any CPU
		{B4D6FCB0-1217-4AFA-A2A5-4BA5482876C0}.Release|x86.ActiveCfg = Release|Any CPU
		{B4D6FCB0-1217-4AFA-A2A5-4BA5482876C0}.Release|x86.Build.0 = Release|Any CPU
		{BBE308BB-4096-4E7B-A458-85172F47C497}.Debug|Any CPU.ActiveCfg = Debug|x86
		{BBE308BB-4096-4E7B-A458-85172F47C497}.Debug|Any CPU.Build.0 = Debug|x86
		{BBE308BB-4096-4E7B-A458-85172F47C497}.Debug|ARM.ActiveCfg = Debug|x86
		{BBE308BB-4096-4E7B-A458-85172F47C497}.Debug|Mixed Platforms.ActiveCfg = Debug|x86
		{BBE308BB-4096-4E7B-A458-85172F47C497}.Debug|Mixed Platforms.Build.0 = Debug|x86
		{BBE308BB-4096-4E7B-A458-85172F47C497}.Debug|x64.ActiveCfg = Debug|x86
		{BBE308BB-4096-4E7B-A458-85172F47C497}.Debug|x86.ActiveCfg = Debug|x86
		{BBE308BB-4096-4E7B-A458-85172F47C497}.Debug|x86.Build.0 = Debug|x86
		{BBE308BB-4096-4E7B-A458-85172F47C497}.Release|Any CPU.ActiveCfg = Release|x86
		{BBE308BB-4096-4E7B-A458-85172F47C497}.Release|Any CPU.Build.0 = Release|x86
		{BBE308BB-4096-4E7B-A458-85172F47C497}.Release|ARM.ActiveCfg = Release|x86
		{BBE308BB-4096-4E7B-A458-85172F47C497}.Release|Mixed Platforms.ActiveCfg = Release|x86
		{BBE308BB-4096-4E7B-A458-85172F47C497}.Release|Mixed Platforms.Build.0 = Release|x86
		{BBE308BB-4096-4E7B-A458-85172F47C497}.Release|x64.ActiveCfg = Release|x86
		{BBE308BB-4096-4E7B-A458-85172F47C497}.Release|x86.ActiveCfg = Release|x86
		{BBE308BB-4096-4E7B-A458-85172F47C497}.Release|x86.Build.0 = Release|x86
		{B85E1883-AD3C-4EEF-B947-7B743ECCE0F0}.Debug|Any CPU.ActiveCfg = Debug|x86
		{B85E1883-AD3C-4EEF-B947-7B743ECCE0F0}.Debug|Any CPU.Build.0 = Debug|x86
		{B85E1883-AD3C-4EEF-B947-7B743ECCE0F0}.Debug|ARM.ActiveCfg = Debug|x86
		{B85E1883-AD3C-4EEF-B947-7B743ECCE0F0}.Debug|Mixed Platforms.ActiveCfg = Debug|x86
		{B85E1883-AD3C-4EEF-B947-7B743ECCE0F0}.Debug|Mixed Platforms.Build.0 = Debug|x86
		{B85E1883-AD3C-4EEF-B947-7B743ECCE0F0}.Debug|x64.ActiveCfg = Debug|x86
		{B85E1883-AD3C-4EEF-B947-7B743ECCE0F0}.Debug|x86.ActiveCfg = Debug|x86
		{B85E1883-AD3C-4EEF-B947-7B743ECCE0F0}.Debug|x86.Build.0 = Debug|x86
		{B85E1883-AD3C-4EEF-B947-7B743ECCE0F0}.Release|Any CPU.ActiveCfg = Release|x86
		{B85E1883-AD3C-4EEF-B947-7B743ECCE0F0}.Release|Any CPU.Build.0 = Release|x86
		{B85E1883-AD3C-4EEF-B947-7B743ECCE0F0}.Release|ARM.ActiveCfg = Release|x86
		{B85E1883-AD3C-4EEF-B947-7B743ECCE0F0}.Release|Mixed Platforms.ActiveCfg = Release|x86
		{B85E1883-AD3C-4EEF-B947-7B743ECCE0F0}.Release|Mixed Platforms.Build.0 = Release|x86
		{B85E1883-AD3C-4EEF-B947-7B743ECCE0F0}.Release|x64.ActiveCfg = Release|x86
		{B85E1883-AD3C-4EEF-B947-7B743ECCE0F0}.Release|x86.ActiveCfg = Release|x86
		{B85E1883-AD3C-4EEF-B947-7B743ECCE0F0}.Release|x86.Build.0 = Release|x86
		{3FECC323-E8A1-45F9-8764-32B64871535A}.Debug|Any CPU.ActiveCfg = Debug|Any CPU
		{3FECC323-E8A1-45F9-8764-32B64871535A}.Debug|Any CPU.Build.0 = Debug|Any CPU
		{3FECC323-E8A1-45F9-8764-32B64871535A}.Debug|ARM.ActiveCfg = Debug|Any CPU
		{3FECC323-E8A1-45F9-8764-32B64871535A}.Debug|ARM.Build.0 = Debug|Any CPU
		{3FECC323-E8A1-45F9-8764-32B64871535A}.Debug|Mixed Platforms.ActiveCfg = Debug|Any CPU
		{3FECC323-E8A1-45F9-8764-32B64871535A}.Debug|Mixed Platforms.Build.0 = Debug|Any CPU
		{3FECC323-E8A1-45F9-8764-32B64871535A}.Debug|x64.ActiveCfg = Debug|Any CPU
		{3FECC323-E8A1-45F9-8764-32B64871535A}.Debug|x64.Build.0 = Debug|Any CPU
		{3FECC323-E8A1-45F9-8764-32B64871535A}.Debug|x86.ActiveCfg = Debug|Any CPU
		{3FECC323-E8A1-45F9-8764-32B64871535A}.Debug|x86.Build.0 = Debug|Any CPU
		{3FECC323-E8A1-45F9-8764-32B64871535A}.Release|Any CPU.ActiveCfg = Release|Any CPU
		{3FECC323-E8A1-45F9-8764-32B64871535A}.Release|Any CPU.Build.0 = Release|Any CPU
		{3FECC323-E8A1-45F9-8764-32B64871535A}.Release|ARM.ActiveCfg = Release|Any CPU
		{3FECC323-E8A1-45F9-8764-32B64871535A}.Release|ARM.Build.0 = Release|Any CPU
		{3FECC323-E8A1-45F9-8764-32B64871535A}.Release|Mixed Platforms.ActiveCfg = Release|Any CPU
		{3FECC323-E8A1-45F9-8764-32B64871535A}.Release|Mixed Platforms.Build.0 = Release|Any CPU
		{3FECC323-E8A1-45F9-8764-32B64871535A}.Release|x64.ActiveCfg = Release|Any CPU
		{3FECC323-E8A1-45F9-8764-32B64871535A}.Release|x64.Build.0 = Release|Any CPU
		{3FECC323-E8A1-45F9-8764-32B64871535A}.Release|x86.ActiveCfg = Release|Any CPU
		{3FECC323-E8A1-45F9-8764-32B64871535A}.Release|x86.Build.0 = Release|Any CPU
		{19F0D329-2127-4788-8AFA-DDEDA4B70F88}.Debug|Any CPU.ActiveCfg = Debug|Any CPU
		{19F0D329-2127-4788-8AFA-DDEDA4B70F88}.Debug|Any CPU.Build.0 = Debug|Any CPU
		{19F0D329-2127-4788-8AFA-DDEDA4B70F88}.Debug|ARM.ActiveCfg = Debug|Any CPU
		{19F0D329-2127-4788-8AFA-DDEDA4B70F88}.Debug|ARM.Build.0 = Debug|Any CPU
		{19F0D329-2127-4788-8AFA-DDEDA4B70F88}.Debug|Mixed Platforms.ActiveCfg = Debug|Any CPU
		{19F0D329-2127-4788-8AFA-DDEDA4B70F88}.Debug|Mixed Platforms.Build.0 = Debug|Any CPU
		{19F0D329-2127-4788-8AFA-DDEDA4B70F88}.Debug|x64.ActiveCfg = Debug|Any CPU
		{19F0D329-2127-4788-8AFA-DDEDA4B70F88}.Debug|x64.Build.0 = Debug|Any CPU
		{19F0D329-2127-4788-8AFA-DDEDA4B70F88}.Debug|x86.ActiveCfg = Debug|Any CPU
		{19F0D329-2127-4788-8AFA-DDEDA4B70F88}.Debug|x86.Build.0 = Debug|Any CPU
		{19F0D329-2127-4788-8AFA-DDEDA4B70F88}.Release|Any CPU.ActiveCfg = Release|Any CPU
		{19F0D329-2127-4788-8AFA-DDEDA4B70F88}.Release|Any CPU.Build.0 = Release|Any CPU
		{19F0D329-2127-4788-8AFA-DDEDA4B70F88}.Release|ARM.ActiveCfg = Release|Any CPU
		{19F0D329-2127-4788-8AFA-DDEDA4B70F88}.Release|ARM.Build.0 = Release|Any CPU
		{19F0D329-2127-4788-8AFA-DDEDA4B70F88}.Release|Mixed Platforms.ActiveCfg = Release|Any CPU
		{19F0D329-2127-4788-8AFA-DDEDA4B70F88}.Release|Mixed Platforms.Build.0 = Release|Any CPU
		{19F0D329-2127-4788-8AFA-DDEDA4B70F88}.Release|x64.ActiveCfg = Release|Any CPU
		{19F0D329-2127-4788-8AFA-DDEDA4B70F88}.Release|x64.Build.0 = Release|Any CPU
		{19F0D329-2127-4788-8AFA-DDEDA4B70F88}.Release|x86.ActiveCfg = Release|Any CPU
		{19F0D329-2127-4788-8AFA-DDEDA4B70F88}.Release|x86.Build.0 = Release|Any CPU
		{E50AC3A5-6C63-40D7-A4C4-9B359EFD5707}.Debug|Any CPU.ActiveCfg = Debug|Any CPU
		{E50AC3A5-6C63-40D7-A4C4-9B359EFD5707}.Debug|Any CPU.Build.0 = Debug|Any CPU
		{E50AC3A5-6C63-40D7-A4C4-9B359EFD5707}.Debug|ARM.ActiveCfg = Debug|Any CPU
		{E50AC3A5-6C63-40D7-A4C4-9B359EFD5707}.Debug|ARM.Build.0 = Debug|Any CPU
		{E50AC3A5-6C63-40D7-A4C4-9B359EFD5707}.Debug|Mixed Platforms.ActiveCfg = Debug|Any CPU
		{E50AC3A5-6C63-40D7-A4C4-9B359EFD5707}.Debug|Mixed Platforms.Build.0 = Debug|Any CPU
		{E50AC3A5-6C63-40D7-A4C4-9B359EFD5707}.Debug|x64.ActiveCfg = Debug|Any CPU
		{E50AC3A5-6C63-40D7-A4C4-9B359EFD5707}.Debug|x64.Build.0 = Debug|Any CPU
		{E50AC3A5-6C63-40D7-A4C4-9B359EFD5707}.Debug|x86.ActiveCfg = Debug|Any CPU
		{E50AC3A5-6C63-40D7-A4C4-9B359EFD5707}.Debug|x86.Build.0 = Debug|Any CPU
		{E50AC3A5-6C63-40D7-A4C4-9B359EFD5707}.Release|Any CPU.ActiveCfg = Release|Any CPU
		{E50AC3A5-6C63-40D7-A4C4-9B359EFD5707}.Release|Any CPU.Build.0 = Release|Any CPU
		{E50AC3A5-6C63-40D7-A4C4-9B359EFD5707}.Release|ARM.ActiveCfg = Release|Any CPU
		{E50AC3A5-6C63-40D7-A4C4-9B359EFD5707}.Release|ARM.Build.0 = Release|Any CPU
		{E50AC3A5-6C63-40D7-A4C4-9B359EFD5707}.Release|Mixed Platforms.ActiveCfg = Release|Any CPU
		{E50AC3A5-6C63-40D7-A4C4-9B359EFD5707}.Release|Mixed Platforms.Build.0 = Release|Any CPU
		{E50AC3A5-6C63-40D7-A4C4-9B359EFD5707}.Release|x64.ActiveCfg = Release|Any CPU
		{E50AC3A5-6C63-40D7-A4C4-9B359EFD5707}.Release|x64.Build.0 = Release|Any CPU
		{E50AC3A5-6C63-40D7-A4C4-9B359EFD5707}.Release|x86.ActiveCfg = Release|Any CPU
		{E50AC3A5-6C63-40D7-A4C4-9B359EFD5707}.Release|x86.Build.0 = Release|Any CPU
		{45F5AADB-A39B-446F-8025-71647238BB89}.Debug|Any CPU.ActiveCfg = Debug|Any CPU
		{45F5AADB-A39B-446F-8025-71647238BB89}.Debug|Any CPU.Build.0 = Debug|Any CPU
		{45F5AADB-A39B-446F-8025-71647238BB89}.Debug|ARM.ActiveCfg = Debug|Any CPU
		{45F5AADB-A39B-446F-8025-71647238BB89}.Debug|ARM.Build.0 = Debug|Any CPU
		{45F5AADB-A39B-446F-8025-71647238BB89}.Debug|Mixed Platforms.ActiveCfg = Debug|Any CPU
		{45F5AADB-A39B-446F-8025-71647238BB89}.Debug|Mixed Platforms.Build.0 = Debug|Any CPU
		{45F5AADB-A39B-446F-8025-71647238BB89}.Debug|x64.ActiveCfg = Debug|Any CPU
		{45F5AADB-A39B-446F-8025-71647238BB89}.Debug|x64.Build.0 = Debug|Any CPU
		{45F5AADB-A39B-446F-8025-71647238BB89}.Debug|x86.ActiveCfg = Debug|Any CPU
		{45F5AADB-A39B-446F-8025-71647238BB89}.Debug|x86.Build.0 = Debug|Any CPU
		{45F5AADB-A39B-446F-8025-71647238BB89}.Release|Any CPU.ActiveCfg = Release|Any CPU
		{45F5AADB-A39B-446F-8025-71647238BB89}.Release|Any CPU.Build.0 = Release|Any CPU
		{45F5AADB-A39B-446F-8025-71647238BB89}.Release|ARM.ActiveCfg = Release|Any CPU
		{45F5AADB-A39B-446F-8025-71647238BB89}.Release|ARM.Build.0 = Release|Any CPU
		{45F5AADB-A39B-446F-8025-71647238BB89}.Release|Mixed Platforms.ActiveCfg = Release|Any CPU
		{45F5AADB-A39B-446F-8025-71647238BB89}.Release|Mixed Platforms.Build.0 = Release|Any CPU
		{45F5AADB-A39B-446F-8025-71647238BB89}.Release|x64.ActiveCfg = Release|Any CPU
		{45F5AADB-A39B-446F-8025-71647238BB89}.Release|x64.Build.0 = Release|Any CPU
		{45F5AADB-A39B-446F-8025-71647238BB89}.Release|x86.ActiveCfg = Release|Any CPU
		{45F5AADB-A39B-446F-8025-71647238BB89}.Release|x86.Build.0 = Release|Any CPU
		{6915843C-7947-4268-B569-6F5684651DF4}.Debug|Any CPU.ActiveCfg = Debug|Any CPU
		{6915843C-7947-4268-B569-6F5684651DF4}.Debug|Any CPU.Build.0 = Debug|Any CPU
		{6915843C-7947-4268-B569-6F5684651DF4}.Debug|ARM.ActiveCfg = Debug|Any CPU
		{6915843C-7947-4268-B569-6F5684651DF4}.Debug|ARM.Build.0 = Debug|Any CPU
		{6915843C-7947-4268-B569-6F5684651DF4}.Debug|Mixed Platforms.ActiveCfg = Debug|Any CPU
		{6915843C-7947-4268-B569-6F5684651DF4}.Debug|Mixed Platforms.Build.0 = Debug|Any CPU
		{6915843C-7947-4268-B569-6F5684651DF4}.Debug|x64.ActiveCfg = Debug|Any CPU
		{6915843C-7947-4268-B569-6F5684651DF4}.Debug|x64.Build.0 = Debug|Any CPU
		{6915843C-7947-4268-B569-6F5684651DF4}.Debug|x86.ActiveCfg = Debug|Any CPU
		{6915843C-7947-4268-B569-6F5684651DF4}.Debug|x86.Build.0 = Debug|Any CPU
		{6915843C-7947-4268-B569-6F5684651DF4}.Release|Any CPU.ActiveCfg = Release|Any CPU
		{6915843C-7947-4268-B569-6F5684651DF4}.Release|Any CPU.Build.0 = Release|Any CPU
		{6915843C-7947-4268-B569-6F5684651DF4}.Release|ARM.ActiveCfg = Release|Any CPU
		{6915843C-7947-4268-B569-6F5684651DF4}.Release|ARM.Build.0 = Release|Any CPU
		{6915843C-7947-4268-B569-6F5684651DF4}.Release|Mixed Platforms.ActiveCfg = Release|Any CPU
		{6915843C-7947-4268-B569-6F5684651DF4}.Release|Mixed Platforms.Build.0 = Release|Any CPU
		{6915843C-7947-4268-B569-6F5684651DF4}.Release|x64.ActiveCfg = Release|Any CPU
		{6915843C-7947-4268-B569-6F5684651DF4}.Release|x64.Build.0 = Release|Any CPU
		{6915843C-7947-4268-B569-6F5684651DF4}.Release|x86.ActiveCfg = Release|Any CPU
		{6915843C-7947-4268-B569-6F5684651DF4}.Release|x86.Build.0 = Release|Any CPU
		{4DD4076B-C086-4A11-B850-898CC9991D90}.Debug|Any CPU.ActiveCfg = Debug|Any CPU
		{4DD4076B-C086-4A11-B850-898CC9991D90}.Debug|Any CPU.Build.0 = Debug|Any CPU
		{4DD4076B-C086-4A11-B850-898CC9991D90}.Debug|ARM.ActiveCfg = Debug|Any CPU
		{4DD4076B-C086-4A11-B850-898CC9991D90}.Debug|ARM.Build.0 = Debug|Any CPU
		{4DD4076B-C086-4A11-B850-898CC9991D90}.Debug|Mixed Platforms.ActiveCfg = Debug|Any CPU
		{4DD4076B-C086-4A11-B850-898CC9991D90}.Debug|Mixed Platforms.Build.0 = Debug|Any CPU
		{4DD4076B-C086-4A11-B850-898CC9991D90}.Debug|x64.ActiveCfg = Debug|Any CPU
		{4DD4076B-C086-4A11-B850-898CC9991D90}.Debug|x64.Build.0 = Debug|Any CPU
		{4DD4076B-C086-4A11-B850-898CC9991D90}.Debug|x86.ActiveCfg = Debug|Any CPU
		{4DD4076B-C086-4A11-B850-898CC9991D90}.Debug|x86.Build.0 = Debug|Any CPU
		{4DD4076B-C086-4A11-B850-898CC9991D90}.Release|Any CPU.ActiveCfg = Release|Any CPU
		{4DD4076B-C086-4A11-B850-898CC9991D90}.Release|Any CPU.Build.0 = Release|Any CPU
		{4DD4076B-C086-4A11-B850-898CC9991D90}.Release|ARM.ActiveCfg = Release|Any CPU
		{4DD4076B-C086-4A11-B850-898CC9991D90}.Release|ARM.Build.0 = Release|Any CPU
		{4DD4076B-C086-4A11-B850-898CC9991D90}.Release|Mixed Platforms.ActiveCfg = Release|Any CPU
		{4DD4076B-C086-4A11-B850-898CC9991D90}.Release|Mixed Platforms.Build.0 = Release|Any CPU
		{4DD4076B-C086-4A11-B850-898CC9991D90}.Release|x64.ActiveCfg = Release|Any CPU
		{4DD4076B-C086-4A11-B850-898CC9991D90}.Release|x64.Build.0 = Release|Any CPU
		{4DD4076B-C086-4A11-B850-898CC9991D90}.Release|x86.ActiveCfg = Release|Any CPU
		{4DD4076B-C086-4A11-B850-898CC9991D90}.Release|x86.Build.0 = Release|Any CPU
		{0088BDC7-D50B-4AD4-8EE6-D2B7DA150778}.Debug|Any CPU.ActiveCfg = Debug|Any CPU
		{0088BDC7-D50B-4AD4-8EE6-D2B7DA150778}.Debug|Any CPU.Build.0 = Debug|Any CPU
		{0088BDC7-D50B-4AD4-8EE6-D2B7DA150778}.Debug|ARM.ActiveCfg = Debug|Any CPU
		{0088BDC7-D50B-4AD4-8EE6-D2B7DA150778}.Debug|ARM.Build.0 = Debug|Any CPU
		{0088BDC7-D50B-4AD4-8EE6-D2B7DA150778}.Debug|Mixed Platforms.ActiveCfg = Debug|Any CPU
		{0088BDC7-D50B-4AD4-8EE6-D2B7DA150778}.Debug|Mixed Platforms.Build.0 = Debug|Any CPU
		{0088BDC7-D50B-4AD4-8EE6-D2B7DA150778}.Debug|x64.ActiveCfg = Debug|Any CPU
		{0088BDC7-D50B-4AD4-8EE6-D2B7DA150778}.Debug|x64.Build.0 = Debug|Any CPU
		{0088BDC7-D50B-4AD4-8EE6-D2B7DA150778}.Debug|x86.ActiveCfg = Debug|Any CPU
		{0088BDC7-D50B-4AD4-8EE6-D2B7DA150778}.Debug|x86.Build.0 = Debug|Any CPU
		{0088BDC7-D50B-4AD4-8EE6-D2B7DA150778}.Release|Any CPU.ActiveCfg = Release|Any CPU
		{0088BDC7-D50B-4AD4-8EE6-D2B7DA150778}.Release|Any CPU.Build.0 = Release|Any CPU
		{0088BDC7-D50B-4AD4-8EE6-D2B7DA150778}.Release|ARM.ActiveCfg = Release|Any CPU
		{0088BDC7-D50B-4AD4-8EE6-D2B7DA150778}.Release|ARM.Build.0 = Release|Any CPU
		{0088BDC7-D50B-4AD4-8EE6-D2B7DA150778}.Release|Mixed Platforms.ActiveCfg = Release|Any CPU
		{0088BDC7-D50B-4AD4-8EE6-D2B7DA150778}.Release|Mixed Platforms.Build.0 = Release|Any CPU
		{0088BDC7-D50B-4AD4-8EE6-D2B7DA150778}.Release|x64.ActiveCfg = Release|Any CPU
		{0088BDC7-D50B-4AD4-8EE6-D2B7DA150778}.Release|x64.Build.0 = Release|Any CPU
		{0088BDC7-D50B-4AD4-8EE6-D2B7DA150778}.Release|x86.ActiveCfg = Release|Any CPU
		{0088BDC7-D50B-4AD4-8EE6-D2B7DA150778}.Release|x86.Build.0 = Release|Any CPU
		{DAB16394-9862-49C3-818B-6B84F22EF5FE}.Debug|Any CPU.ActiveCfg = Debug|Any CPU
		{DAB16394-9862-49C3-818B-6B84F22EF5FE}.Debug|Any CPU.Build.0 = Debug|Any CPU
		{DAB16394-9862-49C3-818B-6B84F22EF5FE}.Debug|ARM.ActiveCfg = Debug|Any CPU
		{DAB16394-9862-49C3-818B-6B84F22EF5FE}.Debug|ARM.Build.0 = Debug|Any CPU
		{DAB16394-9862-49C3-818B-6B84F22EF5FE}.Debug|Mixed Platforms.ActiveCfg = Debug|Any CPU
		{DAB16394-9862-49C3-818B-6B84F22EF5FE}.Debug|Mixed Platforms.Build.0 = Debug|Any CPU
		{DAB16394-9862-49C3-818B-6B84F22EF5FE}.Debug|x64.ActiveCfg = Debug|Any CPU
		{DAB16394-9862-49C3-818B-6B84F22EF5FE}.Debug|x64.Build.0 = Debug|Any CPU
		{DAB16394-9862-49C3-818B-6B84F22EF5FE}.Debug|x86.ActiveCfg = Debug|Any CPU
		{DAB16394-9862-49C3-818B-6B84F22EF5FE}.Debug|x86.Build.0 = Debug|Any CPU
		{DAB16394-9862-49C3-818B-6B84F22EF5FE}.Release|Any CPU.ActiveCfg = Release|Any CPU
		{DAB16394-9862-49C3-818B-6B84F22EF5FE}.Release|Any CPU.Build.0 = Release|Any CPU
		{DAB16394-9862-49C3-818B-6B84F22EF5FE}.Release|ARM.ActiveCfg = Release|Any CPU
		{DAB16394-9862-49C3-818B-6B84F22EF5FE}.Release|ARM.Build.0 = Release|Any CPU
		{DAB16394-9862-49C3-818B-6B84F22EF5FE}.Release|Mixed Platforms.ActiveCfg = Release|Any CPU
		{DAB16394-9862-49C3-818B-6B84F22EF5FE}.Release|Mixed Platforms.Build.0 = Release|Any CPU
		{DAB16394-9862-49C3-818B-6B84F22EF5FE}.Release|x64.ActiveCfg = Release|Any CPU
		{DAB16394-9862-49C3-818B-6B84F22EF5FE}.Release|x64.Build.0 = Release|Any CPU
		{DAB16394-9862-49C3-818B-6B84F22EF5FE}.Release|x86.ActiveCfg = Release|Any CPU
		{DAB16394-9862-49C3-818B-6B84F22EF5FE}.Release|x86.Build.0 = Release|Any CPU
		{A50C27FA-CE8E-4253-BC1E-4B60053B0B7E}.Debug|Any CPU.ActiveCfg = Debug|Any CPU
		{A50C27FA-CE8E-4253-BC1E-4B60053B0B7E}.Debug|Any CPU.Build.0 = Debug|Any CPU
		{A50C27FA-CE8E-4253-BC1E-4B60053B0B7E}.Debug|ARM.ActiveCfg = Debug|Any CPU
		{A50C27FA-CE8E-4253-BC1E-4B60053B0B7E}.Debug|ARM.Build.0 = Debug|Any CPU
		{A50C27FA-CE8E-4253-BC1E-4B60053B0B7E}.Debug|Mixed Platforms.ActiveCfg = Debug|Any CPU
		{A50C27FA-CE8E-4253-BC1E-4B60053B0B7E}.Debug|Mixed Platforms.Build.0 = Debug|Any CPU
		{A50C27FA-CE8E-4253-BC1E-4B60053B0B7E}.Debug|x64.ActiveCfg = Debug|Any CPU
		{A50C27FA-CE8E-4253-BC1E-4B60053B0B7E}.Debug|x64.Build.0 = Debug|Any CPU
		{A50C27FA-CE8E-4253-BC1E-4B60053B0B7E}.Debug|x86.ActiveCfg = Debug|Any CPU
		{A50C27FA-CE8E-4253-BC1E-4B60053B0B7E}.Debug|x86.Build.0 = Debug|Any CPU
		{A50C27FA-CE8E-4253-BC1E-4B60053B0B7E}.Release|Any CPU.ActiveCfg = Release|Any CPU
		{A50C27FA-CE8E-4253-BC1E-4B60053B0B7E}.Release|Any CPU.Build.0 = Release|Any CPU
		{A50C27FA-CE8E-4253-BC1E-4B60053B0B7E}.Release|ARM.ActiveCfg = Release|Any CPU
		{A50C27FA-CE8E-4253-BC1E-4B60053B0B7E}.Release|ARM.Build.0 = Release|Any CPU
		{A50C27FA-CE8E-4253-BC1E-4B60053B0B7E}.Release|Mixed Platforms.ActiveCfg = Release|Any CPU
		{A50C27FA-CE8E-4253-BC1E-4B60053B0B7E}.Release|Mixed Platforms.Build.0 = Release|Any CPU
		{A50C27FA-CE8E-4253-BC1E-4B60053B0B7E}.Release|x64.ActiveCfg = Release|Any CPU
		{A50C27FA-CE8E-4253-BC1E-4B60053B0B7E}.Release|x64.Build.0 = Release|Any CPU
		{A50C27FA-CE8E-4253-BC1E-4B60053B0B7E}.Release|x86.ActiveCfg = Release|Any CPU
		{A50C27FA-CE8E-4253-BC1E-4B60053B0B7E}.Release|x86.Build.0 = Release|Any CPU
		{1DBD011C-C437-4126-9F12-A9D0BDEA3AA2}.Debug|Any CPU.ActiveCfg = Debug|Any CPU
		{1DBD011C-C437-4126-9F12-A9D0BDEA3AA2}.Debug|Any CPU.Build.0 = Debug|Any CPU
		{1DBD011C-C437-4126-9F12-A9D0BDEA3AA2}.Debug|ARM.ActiveCfg = Debug|Any CPU
		{1DBD011C-C437-4126-9F12-A9D0BDEA3AA2}.Debug|ARM.Build.0 = Debug|Any CPU
		{1DBD011C-C437-4126-9F12-A9D0BDEA3AA2}.Debug|Mixed Platforms.ActiveCfg = Debug|Any CPU
		{1DBD011C-C437-4126-9F12-A9D0BDEA3AA2}.Debug|Mixed Platforms.Build.0 = Debug|Any CPU
		{1DBD011C-C437-4126-9F12-A9D0BDEA3AA2}.Debug|x64.ActiveCfg = Debug|Any CPU
		{1DBD011C-C437-4126-9F12-A9D0BDEA3AA2}.Debug|x64.Build.0 = Debug|Any CPU
		{1DBD011C-C437-4126-9F12-A9D0BDEA3AA2}.Debug|x86.ActiveCfg = Debug|Any CPU
		{1DBD011C-C437-4126-9F12-A9D0BDEA3AA2}.Debug|x86.Build.0 = Debug|Any CPU
		{1DBD011C-C437-4126-9F12-A9D0BDEA3AA2}.Release|Any CPU.ActiveCfg = Release|Any CPU
		{1DBD011C-C437-4126-9F12-A9D0BDEA3AA2}.Release|Any CPU.Build.0 = Release|Any CPU
		{1DBD011C-C437-4126-9F12-A9D0BDEA3AA2}.Release|ARM.ActiveCfg = Release|Any CPU
		{1DBD011C-C437-4126-9F12-A9D0BDEA3AA2}.Release|ARM.Build.0 = Release|Any CPU
		{1DBD011C-C437-4126-9F12-A9D0BDEA3AA2}.Release|Mixed Platforms.ActiveCfg = Release|Any CPU
		{1DBD011C-C437-4126-9F12-A9D0BDEA3AA2}.Release|Mixed Platforms.Build.0 = Release|Any CPU
		{1DBD011C-C437-4126-9F12-A9D0BDEA3AA2}.Release|x64.ActiveCfg = Release|Any CPU
		{1DBD011C-C437-4126-9F12-A9D0BDEA3AA2}.Release|x64.Build.0 = Release|Any CPU
		{1DBD011C-C437-4126-9F12-A9D0BDEA3AA2}.Release|x86.ActiveCfg = Release|Any CPU
		{1DBD011C-C437-4126-9F12-A9D0BDEA3AA2}.Release|x86.Build.0 = Release|Any CPU
		{DD69D6C4-B732-458E-BE2D-6B5059342315}.Debug|Any CPU.ActiveCfg = Debug|Any CPU
		{DD69D6C4-B732-458E-BE2D-6B5059342315}.Debug|Any CPU.Build.0 = Debug|Any CPU
		{DD69D6C4-B732-458E-BE2D-6B5059342315}.Debug|ARM.ActiveCfg = Debug|Any CPU
		{DD69D6C4-B732-458E-BE2D-6B5059342315}.Debug|ARM.Build.0 = Debug|Any CPU
		{DD69D6C4-B732-458E-BE2D-6B5059342315}.Debug|Mixed Platforms.ActiveCfg = Debug|Any CPU
		{DD69D6C4-B732-458E-BE2D-6B5059342315}.Debug|Mixed Platforms.Build.0 = Debug|Any CPU
		{DD69D6C4-B732-458E-BE2D-6B5059342315}.Debug|x64.ActiveCfg = Debug|Any CPU
		{DD69D6C4-B732-458E-BE2D-6B5059342315}.Debug|x64.Build.0 = Debug|Any CPU
		{DD69D6C4-B732-458E-BE2D-6B5059342315}.Debug|x86.ActiveCfg = Debug|Any CPU
		{DD69D6C4-B732-458E-BE2D-6B5059342315}.Debug|x86.Build.0 = Debug|Any CPU
		{DD69D6C4-B732-458E-BE2D-6B5059342315}.Release|Any CPU.ActiveCfg = Release|Any CPU
		{DD69D6C4-B732-458E-BE2D-6B5059342315}.Release|Any CPU.Build.0 = Release|Any CPU
		{DD69D6C4-B732-458E-BE2D-6B5059342315}.Release|ARM.ActiveCfg = Release|Any CPU
		{DD69D6C4-B732-458E-BE2D-6B5059342315}.Release|ARM.Build.0 = Release|Any CPU
		{DD69D6C4-B732-458E-BE2D-6B5059342315}.Release|Mixed Platforms.ActiveCfg = Release|Any CPU
		{DD69D6C4-B732-458E-BE2D-6B5059342315}.Release|Mixed Platforms.Build.0 = Release|Any CPU
		{DD69D6C4-B732-458E-BE2D-6B5059342315}.Release|x64.ActiveCfg = Release|Any CPU
		{DD69D6C4-B732-458E-BE2D-6B5059342315}.Release|x64.Build.0 = Release|Any CPU
		{DD69D6C4-B732-458E-BE2D-6B5059342315}.Release|x86.ActiveCfg = Release|Any CPU
		{DD69D6C4-B732-458E-BE2D-6B5059342315}.Release|x86.Build.0 = Release|Any CPU
		{5E4DB54B-E9E8-48FF-AD10-6F3609A63B82}.Debug|Any CPU.ActiveCfg = Debug|Any CPU
		{5E4DB54B-E9E8-48FF-AD10-6F3609A63B82}.Debug|Any CPU.Build.0 = Debug|Any CPU
		{5E4DB54B-E9E8-48FF-AD10-6F3609A63B82}.Debug|ARM.ActiveCfg = Debug|Any CPU
		{5E4DB54B-E9E8-48FF-AD10-6F3609A63B82}.Debug|ARM.Build.0 = Debug|Any CPU
		{5E4DB54B-E9E8-48FF-AD10-6F3609A63B82}.Debug|Mixed Platforms.ActiveCfg = Debug|Any CPU
		{5E4DB54B-E9E8-48FF-AD10-6F3609A63B82}.Debug|Mixed Platforms.Build.0 = Debug|Any CPU
		{5E4DB54B-E9E8-48FF-AD10-6F3609A63B82}.Debug|x64.ActiveCfg = Debug|Any CPU
		{5E4DB54B-E9E8-48FF-AD10-6F3609A63B82}.Debug|x64.Build.0 = Debug|Any CPU
		{5E4DB54B-E9E8-48FF-AD10-6F3609A63B82}.Debug|x86.ActiveCfg = Debug|Any CPU
		{5E4DB54B-E9E8-48FF-AD10-6F3609A63B82}.Debug|x86.Build.0 = Debug|Any CPU
		{5E4DB54B-E9E8-48FF-AD10-6F3609A63B82}.Release|Any CPU.ActiveCfg = Release|Any CPU
		{5E4DB54B-E9E8-48FF-AD10-6F3609A63B82}.Release|Any CPU.Build.0 = Release|Any CPU
		{5E4DB54B-E9E8-48FF-AD10-6F3609A63B82}.Release|ARM.ActiveCfg = Release|Any CPU
		{5E4DB54B-E9E8-48FF-AD10-6F3609A63B82}.Release|ARM.Build.0 = Release|Any CPU
		{5E4DB54B-E9E8-48FF-AD10-6F3609A63B82}.Release|Mixed Platforms.ActiveCfg = Release|Any CPU
		{5E4DB54B-E9E8-48FF-AD10-6F3609A63B82}.Release|Mixed Platforms.Build.0 = Release|Any CPU
		{5E4DB54B-E9E8-48FF-AD10-6F3609A63B82}.Release|x64.ActiveCfg = Release|Any CPU
		{5E4DB54B-E9E8-48FF-AD10-6F3609A63B82}.Release|x64.Build.0 = Release|Any CPU
		{5E4DB54B-E9E8-48FF-AD10-6F3609A63B82}.Release|x86.ActiveCfg = Release|Any CPU
		{5E4DB54B-E9E8-48FF-AD10-6F3609A63B82}.Release|x86.Build.0 = Release|Any CPU
		{FD76C04C-3E89-4422-A818-4BD80E7AEAA7}.Debug|Any CPU.ActiveCfg = Debug|Any CPU
		{FD76C04C-3E89-4422-A818-4BD80E7AEAA7}.Debug|Any CPU.Build.0 = Debug|Any CPU
		{FD76C04C-3E89-4422-A818-4BD80E7AEAA7}.Debug|ARM.ActiveCfg = Debug|Any CPU
		{FD76C04C-3E89-4422-A818-4BD80E7AEAA7}.Debug|ARM.Build.0 = Debug|Any CPU
		{FD76C04C-3E89-4422-A818-4BD80E7AEAA7}.Debug|Mixed Platforms.ActiveCfg = Debug|Any CPU
		{FD76C04C-3E89-4422-A818-4BD80E7AEAA7}.Debug|Mixed Platforms.Build.0 = Debug|Any CPU
		{FD76C04C-3E89-4422-A818-4BD80E7AEAA7}.Debug|x64.ActiveCfg = Debug|Any CPU
		{FD76C04C-3E89-4422-A818-4BD80E7AEAA7}.Debug|x64.Build.0 = Debug|Any CPU
		{FD76C04C-3E89-4422-A818-4BD80E7AEAA7}.Debug|x86.ActiveCfg = Debug|Any CPU
		{FD76C04C-3E89-4422-A818-4BD80E7AEAA7}.Debug|x86.Build.0 = Debug|Any CPU
		{FD76C04C-3E89-4422-A818-4BD80E7AEAA7}.Release|Any CPU.ActiveCfg = Release|Any CPU
		{FD76C04C-3E89-4422-A818-4BD80E7AEAA7}.Release|Any CPU.Build.0 = Release|Any CPU
		{FD76C04C-3E89-4422-A818-4BD80E7AEAA7}.Release|ARM.ActiveCfg = Release|Any CPU
		{FD76C04C-3E89-4422-A818-4BD80E7AEAA7}.Release|ARM.Build.0 = Release|Any CPU
		{FD76C04C-3E89-4422-A818-4BD80E7AEAA7}.Release|Mixed Platforms.ActiveCfg = Release|Any CPU
		{FD76C04C-3E89-4422-A818-4BD80E7AEAA7}.Release|Mixed Platforms.Build.0 = Release|Any CPU
		{FD76C04C-3E89-4422-A818-4BD80E7AEAA7}.Release|x64.ActiveCfg = Release|Any CPU
		{FD76C04C-3E89-4422-A818-4BD80E7AEAA7}.Release|x64.Build.0 = Release|Any CPU
		{FD76C04C-3E89-4422-A818-4BD80E7AEAA7}.Release|x86.ActiveCfg = Release|Any CPU
		{FD76C04C-3E89-4422-A818-4BD80E7AEAA7}.Release|x86.Build.0 = Release|Any CPU
		{314E5B47-24FA-42F5-9975-3E4252853576}.Debug|Any CPU.ActiveCfg = Debug|Any CPU
		{314E5B47-24FA-42F5-9975-3E4252853576}.Debug|Any CPU.Build.0 = Debug|Any CPU
		{314E5B47-24FA-42F5-9975-3E4252853576}.Debug|ARM.ActiveCfg = Debug|Any CPU
		{314E5B47-24FA-42F5-9975-3E4252853576}.Debug|ARM.Build.0 = Debug|Any CPU
		{314E5B47-24FA-42F5-9975-3E4252853576}.Debug|Mixed Platforms.ActiveCfg = Debug|Any CPU
		{314E5B47-24FA-42F5-9975-3E4252853576}.Debug|Mixed Platforms.Build.0 = Debug|Any CPU
		{314E5B47-24FA-42F5-9975-3E4252853576}.Debug|x64.ActiveCfg = Debug|Any CPU
		{314E5B47-24FA-42F5-9975-3E4252853576}.Debug|x64.Build.0 = Debug|Any CPU
		{314E5B47-24FA-42F5-9975-3E4252853576}.Debug|x86.ActiveCfg = Debug|Any CPU
		{314E5B47-24FA-42F5-9975-3E4252853576}.Debug|x86.Build.0 = Debug|Any CPU
		{314E5B47-24FA-42F5-9975-3E4252853576}.Release|Any CPU.ActiveCfg = Release|Any CPU
		{314E5B47-24FA-42F5-9975-3E4252853576}.Release|Any CPU.Build.0 = Release|Any CPU
		{314E5B47-24FA-42F5-9975-3E4252853576}.Release|ARM.ActiveCfg = Release|Any CPU
		{314E5B47-24FA-42F5-9975-3E4252853576}.Release|ARM.Build.0 = Release|Any CPU
		{314E5B47-24FA-42F5-9975-3E4252853576}.Release|Mixed Platforms.ActiveCfg = Release|Any CPU
		{314E5B47-24FA-42F5-9975-3E4252853576}.Release|Mixed Platforms.Build.0 = Release|Any CPU
		{314E5B47-24FA-42F5-9975-3E4252853576}.Release|x64.ActiveCfg = Release|Any CPU
		{314E5B47-24FA-42F5-9975-3E4252853576}.Release|x64.Build.0 = Release|Any CPU
		{314E5B47-24FA-42F5-9975-3E4252853576}.Release|x86.ActiveCfg = Release|Any CPU
		{314E5B47-24FA-42F5-9975-3E4252853576}.Release|x86.Build.0 = Release|Any CPU
		{7AE76C89-60B5-4F0E-A774-6E52F53B59D5}.Debug|Any CPU.ActiveCfg = Debug|Any CPU
		{7AE76C89-60B5-4F0E-A774-6E52F53B59D5}.Debug|Any CPU.Build.0 = Debug|Any CPU
		{7AE76C89-60B5-4F0E-A774-6E52F53B59D5}.Debug|ARM.ActiveCfg = Debug|Any CPU
		{7AE76C89-60B5-4F0E-A774-6E52F53B59D5}.Debug|ARM.Build.0 = Debug|Any CPU
		{7AE76C89-60B5-4F0E-A774-6E52F53B59D5}.Debug|Mixed Platforms.ActiveCfg = Debug|Any CPU
		{7AE76C89-60B5-4F0E-A774-6E52F53B59D5}.Debug|Mixed Platforms.Build.0 = Debug|Any CPU
		{7AE76C89-60B5-4F0E-A774-6E52F53B59D5}.Debug|x64.ActiveCfg = Debug|Any CPU
		{7AE76C89-60B5-4F0E-A774-6E52F53B59D5}.Debug|x64.Build.0 = Debug|Any CPU
		{7AE76C89-60B5-4F0E-A774-6E52F53B59D5}.Debug|x86.ActiveCfg = Debug|Any CPU
		{7AE76C89-60B5-4F0E-A774-6E52F53B59D5}.Debug|x86.Build.0 = Debug|Any CPU
		{7AE76C89-60B5-4F0E-A774-6E52F53B59D5}.Release|Any CPU.ActiveCfg = Release|Any CPU
		{7AE76C89-60B5-4F0E-A774-6E52F53B59D5}.Release|Any CPU.Build.0 = Release|Any CPU
		{7AE76C89-60B5-4F0E-A774-6E52F53B59D5}.Release|ARM.ActiveCfg = Release|Any CPU
		{7AE76C89-60B5-4F0E-A774-6E52F53B59D5}.Release|ARM.Build.0 = Release|Any CPU
		{7AE76C89-60B5-4F0E-A774-6E52F53B59D5}.Release|Mixed Platforms.ActiveCfg = Release|Any CPU
		{7AE76C89-60B5-4F0E-A774-6E52F53B59D5}.Release|Mixed Platforms.Build.0 = Release|Any CPU
		{7AE76C89-60B5-4F0E-A774-6E52F53B59D5}.Release|x64.ActiveCfg = Release|Any CPU
		{7AE76C89-60B5-4F0E-A774-6E52F53B59D5}.Release|x64.Build.0 = Release|Any CPU
		{7AE76C89-60B5-4F0E-A774-6E52F53B59D5}.Release|x86.ActiveCfg = Release|Any CPU
		{7AE76C89-60B5-4F0E-A774-6E52F53B59D5}.Release|x86.Build.0 = Release|Any CPU
		{7952F006-5B13-45CF-93A8-46A0A470575F}.Debug|Any CPU.ActiveCfg = Debug|Any CPU
		{7952F006-5B13-45CF-93A8-46A0A470575F}.Debug|Any CPU.Build.0 = Debug|Any CPU
		{7952F006-5B13-45CF-93A8-46A0A470575F}.Debug|ARM.ActiveCfg = Debug|Any CPU
		{7952F006-5B13-45CF-93A8-46A0A470575F}.Debug|ARM.Build.0 = Debug|Any CPU
		{7952F006-5B13-45CF-93A8-46A0A470575F}.Debug|Mixed Platforms.ActiveCfg = Debug|Any CPU
		{7952F006-5B13-45CF-93A8-46A0A470575F}.Debug|Mixed Platforms.Build.0 = Debug|Any CPU
		{7952F006-5B13-45CF-93A8-46A0A470575F}.Debug|x64.ActiveCfg = Debug|Any CPU
		{7952F006-5B13-45CF-93A8-46A0A470575F}.Debug|x64.Build.0 = Debug|Any CPU
		{7952F006-5B13-45CF-93A8-46A0A470575F}.Debug|x86.ActiveCfg = Debug|Any CPU
		{7952F006-5B13-45CF-93A8-46A0A470575F}.Debug|x86.Build.0 = Debug|Any CPU
		{7952F006-5B13-45CF-93A8-46A0A470575F}.Release|Any CPU.ActiveCfg = Release|Any CPU
		{7952F006-5B13-45CF-93A8-46A0A470575F}.Release|Any CPU.Build.0 = Release|Any CPU
		{7952F006-5B13-45CF-93A8-46A0A470575F}.Release|ARM.ActiveCfg = Release|Any CPU
		{7952F006-5B13-45CF-93A8-46A0A470575F}.Release|ARM.Build.0 = Release|Any CPU
		{7952F006-5B13-45CF-93A8-46A0A470575F}.Release|Mixed Platforms.ActiveCfg = Release|Any CPU
		{7952F006-5B13-45CF-93A8-46A0A470575F}.Release|Mixed Platforms.Build.0 = Release|Any CPU
		{7952F006-5B13-45CF-93A8-46A0A470575F}.Release|x64.ActiveCfg = Release|Any CPU
		{7952F006-5B13-45CF-93A8-46A0A470575F}.Release|x64.Build.0 = Release|Any CPU
		{7952F006-5B13-45CF-93A8-46A0A470575F}.Release|x86.ActiveCfg = Release|Any CPU
		{7952F006-5B13-45CF-93A8-46A0A470575F}.Release|x86.Build.0 = Release|Any CPU
	EndGlobalSection
	GlobalSection(SolutionProperties) = preSolution
		HideSolutionNode = FALSE
	EndGlobalSection
	GlobalSection(ExtensibilityGlobals) = postSolution
		SolutionGuid = {3A84A257-B554-4263-8E94-0D8097282331}
	EndGlobalSection
EndGlobal
